
Microsoft Visual Studio Solution File, Format Version 12.00
# Visual Studio Version 17
VisualStudioVersion = 17.9.34728.123
MinimumVisualStudioVersion = 10.0.40219.1
Project("{9A19103F-16F7-4668-BE54-9A1E7A4F7556}") = "model", "model\model.csproj", "{84B717BE-A366-4FEC-A78C-32E104756877}"
EndProject
Project("{9A19103F-16F7-4668-BE54-9A1E7A4F7556}") = "dal", "dal\dal.csproj", "{0CAF260D-5658-4F6E-82A0-5B4E6F82C3FF}"
EndProject
Project("{9A19103F-16F7-4668-BE54-9A1E7A4F7556}") = "WPFApp", "WPFApp\WPFApp.csproj", "{396D355C-35C9-446F-884C-B2116F3DA86B}"
EndProject
Project("{9A19103F-16F7-4668-BE54-9A1E7A4F7556}") = "service", "service\service.csproj", "{D8F41EF6-7EF4-4DD2-91A6-D1A87F159C5B}"
EndProject
Project("{9A19103F-16F7-4668-BE54-9A1E7A4F7556}") = "bo", "bo\bo.csproj", "{17FBEFC6-DF3C-4E18-B2BB-1350ADDC8DC6}"
EndProject
Global
	GlobalSection(SolutionConfigurationPlatforms) = preSolution
		Debug|Any CPU = Debug|Any CPU
		Release|Any CPU = Release|Any CPU
	EndGlobalSection
	GlobalSection(ProjectConfigurationPlatforms) = postSolution
		{84B717BE-A366-4FEC-A78C-32E104756877}.Debug|Any CPU.ActiveCfg = Debug|Any CPU
		{84B717BE-A366-4FEC-A78C-32E104756877}.Debug|Any CPU.Build.0 = Debug|Any CPU
		{84B717BE-A366-4FEC-A78C-32E104756877}.Release|Any CPU.ActiveCfg = Release|Any CPU
		{84B717BE-A366-4FEC-A78C-32E104756877}.Release|Any CPU.Build.0 = Release|Any CPU
		{0CAF260D-5658-4F6E-82A0-5B4E6F82C3FF}.Debug|Any CPU.ActiveCfg = Debug|Any CPU
		{0CAF260D-5658-4F6E-82A0-5B4E6F82C3FF}.Debug|Any CPU.Build.0 = Debug|Any CPU
		{0CAF260D-5658-4F6E-82A0-5B4E6F82C3FF}.Release|Any CPU.ActiveCfg = Release|Any CPU
		{0CAF260D-5658-4F6E-82A0-5B4E6F82C3FF}.Release|Any CPU.Build.0 = Release|Any CPU
		{396D355C-35C9-446F-884C-B2116F3DA86B}.Debug|Any CPU.ActiveCfg = Debug|Any CPU
		{396D355C-35C9-446F-884C-B2116F3DA86B}.Debug|Any CPU.Build.0 = Debug|Any CPU
		{396D355C-35C9-446F-884C-B2116F3DA86B}.Release|Any CPU.ActiveCfg = Release|Any CPU
		{396D355C-35C9-446F-884C-B2116F3DA86B}.Release|Any CPU.Build.0 = Release|Any CPU
		{D8F41EF6-7EF4-4DD2-91A6-D1A87F159C5B}.Debug|Any CPU.ActiveCfg = Debug|Any CPU
		{D8F41EF6-7EF4-4DD2-91A6-D1A87F159C5B}.Debug|Any CPU.Build.0 = Debug|Any CPU
		{D8F41EF6-7EF4-4DD2-91A6-D1A87F159C5B}.Release|Any CPU.ActiveCfg = Release|Any CPU
		{D8F41EF6-7EF4-4DD2-91A6-D1A87F159C5B}.Release|Any CPU.Build.0 = Release|Any CPU
		{17FBEFC6-DF3C-4E18-B2BB-1350ADDC8DC6}.Debug|Any CPU.ActiveCfg = Debug|Any CPU
		{17FBEFC6-DF3C-4E18-B2BB-1350ADDC8DC6}.Debug|Any CPU.Build.0 = Debug|Any CPU
		{17FBEFC6-DF3C-4E18-B2BB-1350ADDC8DC6}.Release|Any CPU.ActiveCfg = Release|Any CPU
		{17FBEFC6-DF3C-4E18-B2BB-1350ADDC8DC6}.Release|Any CPU.Build.0 = Release|Any CPU
	EndGlobalSection
	GlobalSection(SolutionProperties) = preSolution
		HideSolutionNode = FALSE
	EndGlobalSection
	GlobalSection(ExtensibilityGlobals) = postSolution
		SolutionGuid = {8C3DEB9B-9507-4A67-853D-8D9B1248920A}
	EndGlobalSection
EndGlobal
